{
  "name": "portfolio",
  "lockfileVersion": 3,
  "requires": true,
  "packages": {
    "": {
      "dependencies": {
        "animated-backgrounds": "^2.0.0"
      }
    },
    "node_modules/animated-backgrounds": {
      "version": "2.0.0",
      "resolved": "https://registry.npmjs.org/animated-backgrounds/-/animated-backgrounds-2.0.0.tgz",
      "integrity": "sha512-17Nfey+2FxVw+xcWjqxpaoaHBJRHNYopknEOOJ6b44hf7MZ6rcfJRUNMJ10X/pJnmJ7CBKUH1fYz5bFEGosqkw==",
      "engines": {
        "node": ">=10.0.0"
      }
    }
  }
}
